{
  "name": "cloudmusic",
  "version": "1.0.0",
  "lockfileVersion": 1,
  "requires": true,
  "dependencies": {
    "bootstrap": {
      "version": "5.1.0",
      "resolved": "https://registry.npmjs.org/bootstrap/-/bootstrap-5.1.0.tgz",
      "integrity": "sha512-bs74WNI9BgBo3cEovmdMHikSKoXnDgA6VQjJ7TyTotU6L7d41ZyCEEelPwkYEzsG/Zjv3ie9IE3EMAje0W9Xew=="
    },
    "lyric-parser": {
      "version": "1.0.1",
      "resolved": "https://registry.npmjs.org/lyric-parser/-/lyric-parser-1.0.1.tgz",
      "integrity": "sha1-ofiqd2U8+Ufs+U31HV+Bavye1Ew="
    }
  }
}
